
Microsoft Visual Studio Solution File, Format Version 12.00
# Visual Studio Version 17
VisualStudioVersion = 17.2.32516.85
MinimumVisualStudioVersion = 10.0.40219.1
Project("{FAE04EC0-301F-11D3-BF4B-00C04F79EFBC}") = "RedRain.DataAccess", "RedRain.DataAccess\RedRain.DataAccess.csproj", "{08C095FC-192E-4291-90E0-2892FA5CB155}"
EndProject
Project("{FAE04EC0-301F-11D3-BF4B-00C04F79EFBC}") = "RedRain.Domain", "RedRain.Domain\RedRain.Domain.csproj", "{53E710BC-507C-4869-9031-1C8E0141DE23}"
EndProject
Project("{2150E333-8FDC-42A3-9474-1A3956D46DE8}") = "Tests", "Tests", "{8E70C282-0EFE-4EB8-8704-E485B36894C0}"
EndProject
Project("{FAE04EC0-301F-11D3-BF4B-00C04F79EFBC}") = "RedRain.DataAccess.Tests", "RedRain.DataAccess.Tests\RedRain.DataAccess.Tests.csproj", "{E23013D1-E5F8-4F46-BC00-0073430AFF17}"
EndProject
Global
	GlobalSection(SolutionConfigurationPlatforms) = preSolution
		Debug|Any CPU = Debug|Any CPU
		Release|Any CPU = Release|Any CPU
	EndGlobalSection
	GlobalSection(ProjectConfigurationPlatforms) = postSolution
		{08C095FC-192E-4291-90E0-2892FA5CB155}.Debug|Any CPU.ActiveCfg = Debug|Any CPU
		{08C095FC-192E-4291-90E0-2892FA5CB155}.Debug|Any CPU.Build.0 = Debug|Any CPU
		{08C095FC-192E-4291-90E0-2892FA5CB155}.Release|Any CPU.ActiveCfg = Release|Any CPU
		{08C095FC-192E-4291-90E0-2892FA5CB155}.Release|Any CPU.Build.0 = Release|Any CPU
		{53E710BC-507C-4869-9031-1C8E0141DE23}.Debug|Any CPU.ActiveCfg = Debug|Any CPU
		{53E710BC-507C-4869-9031-1C8E0141DE23}.Debug|Any CPU.Build.0 = Debug|Any CPU
		{53E710BC-507C-4869-9031-1C8E0141DE23}.Release|Any CPU.ActiveCfg = Release|Any CPU
		{53E710BC-507C-4869-9031-1C8E0141DE23}.Release|Any CPU.Build.0 = Release|Any CPU
		{E23013D1-E5F8-4F46-BC00-0073430AFF17}.Debug|Any CPU.ActiveCfg = Debug|Any CPU
		{E23013D1-E5F8-4F46-BC00-0073430AFF17}.Debug|Any CPU.Build.0 = Debug|Any CPU
		{E23013D1-E5F8-4F46-BC00-0073430AFF17}.Release|Any CPU.ActiveCfg = Release|Any CPU
		{E23013D1-E5F8-4F46-BC00-0073430AFF17}.Release|Any CPU.Build.0 = Release|Any CPU
	EndGlobalSection
	GlobalSection(SolutionProperties) = preSolution
		HideSolutionNode = FALSE
	EndGlobalSection
	GlobalSection(NestedProjects) = preSolution
		{E23013D1-E5F8-4F46-BC00-0073430AFF17} = {8E70C282-0EFE-4EB8-8704-E485B36894C0}
	EndGlobalSection
	GlobalSection(ExtensibilityGlobals) = postSolution
		SolutionGuid = {0CE18EBC-64F3-4903-B922-6A2DF257A243}
	EndGlobalSection
EndGlobal
